
Microsoft Visual Studio Solution File, Format Version 12.00
# Visual Studio Version 17
VisualStudioVersion = 17.4.33110.190
MinimumVisualStudioVersion = 10.0.40219.1
Project("{9A19103F-16F7-4668-BE54-9A1E7A4F7556}") = "msgraphapp", "msgraphapp.csproj", "{CF809A8A-58E1-4EDC-B9F2-F0960BE190E4}"
EndProject
Global
	GlobalSection(SolutionConfigurationPlatforms) = preSolution
		Debug|Any CPU = Debug|Any CPU
		Release|Any CPU = Release|Any CPU
	EndGlobalSection
	GlobalSection(ProjectConfigurationPlatforms) = postSolution
		{CF809A8A-58E1-4EDC-B9F2-F0960BE190E4}.Debug|Any CPU.ActiveCfg = Debug|Any CPU
		{CF809A8A-58E1-4EDC-B9F2-F0960BE190E4}.Debug|Any CPU.Build.0 = Debug|Any CPU
		{CF809A8A-58E1-4EDC-B9F2-F0960BE190E4}.Release|Any CPU.ActiveCfg = Release|Any CPU
		{CF809A8A-58E1-4EDC-B9F2-F0960BE190E4}.Release|Any CPU.Build.0 = Release|Any CPU
	EndGlobalSection
	GlobalSection(SolutionProperties) = preSolution
		HideSolutionNode = FALSE
	EndGlobalSection
	GlobalSection(ExtensibilityGlobals) = postSolution
		SolutionGuid = {B65F1CA0-9A10-4CDB-AB05-1D9C132355E5}
	EndGlobalSection
EndGlobal
